<?xml version="1.0" encoding="utf-8"?>
<Project ToolsVersion="4.0" xmlns="http://schemas.microsoft.com/developer/msbuild/2003">
  <ItemGroup>
    <Filter Include="Source Files">
      <UniqueIdentifier>{4FC737F1-C7A5-4376-A066-2A32D752A2FF}</UniqueIdentifier>
      <Extensions>cpp;c;cc;cxx;def;odl;idl;hpj;bat;asm;asmx</Extensions>
    </Filter>
    <Filter Include="Header Files">
      <UniqueIdentifier>{93995380-89BD-4b04-88EB-625FBE52EBFB}</UniqueIdentifier>
      <Extensions>h;hh;hpp;hxx;hm;inl;inc;ipp;xsd</Extensions>
    </Filter>
    <Filter Include="Resource Files">
      <UniqueIdentifier>{67DA6AB6-F800-4c08-8B7A-83BB121AAD01}</UniqueIdentifier>
      <Extensions>rc;ico;cur;bmp;dlg;rc2;rct;bin;rgs;gif;jpg;jpeg;jpe;resx;tiff;tif;png;wav;mfcribbon-ms</Extensions>
    </Filter>
  </ItemGroup>
  <ItemGroup>
    <ClInclude Include="inc\action.h">
      <Filter>Header Files</Filter>
    </ClInclude>
    <ClInclude Include="inc\board_node.h">
      <Filter>Header Files</Filter>
    </ClInclude>
    <ClInclude Include="inc\board_state.h">
      <Filter>Header Files</Filter>
    </ClInclude>
    <ClInclude Include="inc\game.h">
      <Filter>Header Files</Filter>
    </ClInclude>
    <ClInclude Include="inc\matrix.h">
      <Filter>Header Files</Filter>
    </ClInclude>
    <ClInclude Include="inc\minimax_player.h">
      <Filter>Header Files</Filter>
    </ClInclude>
    <ClInclude Include="inc\player.h">
      <Filter>Header Files</Filter>
    </ClInclude>
    <ClInclude Include="inc\random_player.h">
      <Filter>Header Files</Filter>
    </ClInclude>
    <ClInclude Include="inc\shortest_path_player.h">
      <Filter>Header Files</Filter>
    </ClInclude>
    <ClInclude Include="inc\turn.h">
      <Filter>Header Files</Filter>
    </ClInclude>
    <ClInclude Include="inc\validation.h">
      <Filter>Header Files</Filter>
    </ClInclude>
    <ClInclude Include="inc\vectord.h">
      <Filter>Header Files</Filter>
    </ClInclude>
    <ClInclude Include="inc\vectori.h">
      <Filter>Header Files</Filter>
    </ClInclude>
    <ClInclude Include="inc\wall_orientation.h">
      <Filter>Header Files</Filter>
    </ClInclude>
    <ClInclude Include="inc\windowed_game_runner.h">
      <Filter>Header Files</Filter>
    </ClInclude>
    <ClInclude Include="inc\ranking.h">
      <Filter>Header Files</Filter>
    </ClInclude>
    <ClInclude Include="inc\mcts_player.h">
      <Filter>Header Files</Filter>
    </ClInclude>
    <ClInclude Include="inc\mcts_node.h">
      <Filter>Header Files</Filter>
    </ClInclude>
  </ItemGroup>
  <ItemGroup>
    <ClCompile Include="src\action.cc">
      <Filter>Source Files</Filter>
    </ClCompile>
    <ClCompile Include="src\board_node.cc">
      <Filter>Source Files</Filter>
    </ClCompile>
    <ClCompile Include="src\board_state.cc">
      <Filter>Source Files</Filter>
    </ClCompile>
    <ClCompile Include="src\game.cc">
      <Filter>Source Files</Filter>
    </ClCompile>
    <ClCompile Include="src\main.cc">
      <Filter>Source Files</Filter>
    </ClCompile>
    <ClCompile Include="src\matrix.cc">
      <Filter>Source Files</Filter>
    </ClCompile>
    <ClCompile Include="src\minimax_player.cc">
      <Filter>Source Files</Filter>
    </ClCompile>
    <ClCompile Include="src\player.cc">
      <Filter>Source Files</Filter>
    </ClCompile>
    <ClCompile Include="src\random_player.cc">
      <Filter>Source Files</Filter>
    </ClCompile>
    <ClCompile Include="src\shortest_path_player.cc">
      <Filter>Source Files</Filter>
    </ClCompile>
    <ClCompile Include="src\turn.cc">
      <Filter>Source Files</Filter>
    </ClCompile>
    <ClCompile Include="src\validation.cc">
      <Filter>Source Files</Filter>
    </ClCompile>
    <ClCompile Include="src\vectord.cc">
      <Filter>Source Files</Filter>
    </ClCompile>
    <ClCompile Include="src\vectori.cc">
      <Filter>Source Files</Filter>
    </ClCompile>
    <ClCompile Include="src\windowed_game_runner.cc">
      <Filter>Source Files</Filter>
    </ClCompile>
    <ClCompile Include="src\ranking.cc">
      <Filter>Source Files</Filter>
    </ClCompile>
    <ClCompile Include="src\mcts_player.cc">
      <Filter>Source Files</Filter>
    </ClCompile>
    <ClCompile Include="src\mcts_node.cc">
      <Filter>Source Files</Filter>
    </ClCompile>
  </ItemGroup>
  <ItemGroup>
    <None Include="packages.config" />
  </ItemGroup>
</Project>